// !$*UTF8*$!
{
	archiveVersion = 1;
	classes = {
	};
	objectVersion = 48;
	objects = {

/* Begin PBXBuildFile section */
		5857DEAA201B036700BD33EF /* main.m in Sources */ = {isa = PBXBuildFile; fileRef = 5857DEA9201B036700BD33EF /* main.m */; };
		5857DEB2201B039000BD33EF /* NSMutableArray+SCInsertion.m in Sources */ = {isa = PBXBuildFile; fileRef = 5857DEB1201B039000BD33EF /* NSMutableArray+SCInsertion.m */; };
		5857DEBA201B04FF00BD33EF /* Tests.m in Sources */ = {isa = PBXBuildFile; fileRef = 5857DEB9201B04FF00BD33EF /* Tests.m */; };
/* End PBXBuildFile section */

/* Begin PBXCopyFilesBuildPhase section */
		5857DEA4201B036700BD33EF /* CopyFiles */ = {
			isa = PBXCopyFilesBuildPhase;
			buildActionMask = 2147483647;
			dstPath = /usr/share/man/man1/;
			dstSubfolderSpec = 0;
			files = (
			);
			runOnlyForDeploymentPostprocessing = 1;
		};
/* End PBXCopyFilesBuildPhase section */

/* Begin PBXFileReference section */
		5857DEA6201B036700BD33EF /* ArrayInsertion */ = {isa = PBXFileReference; explicitFileType = "compiled.mach-o.executable"; includeInIndex = 0; path = ArrayInsertion; sourceTree = BUILT_PRODUCTS_DIR; };
		5857DEA9201B036700BD33EF /* main.m */ = {isa = PBXFileReference; lastKnownFileType = sourcecode.c.objc; path = main.m; sourceTree = "<group>"; };
		5857DEB0201B039000BD33EF /* NSMutableArray+SCInsertion.h */ = {isa = PBXFileReference; lastKnownFileType = sourcecode.c.h; path = "NSMutableArray+SCInsertion.h"; sourceTree = "<group>"; };
		5857DEB1201B039000BD33EF /* NSMutableArray+SCInsertion.m */ = {isa = PBXFileReference; lastKnownFileType = sourcecode.c.objc; path = "NSMutableArray+SCInsertion.m"; sourceTree = "<group>"; };
		5857DEB7201B04FF00BD33EF /* Tests.xctest */ = {isa = PBXFileReference; explicitFileType = wrapper.cfbundle; includeInIndex = 0; path = Tests.xctest; sourceTree = BUILT_PRODUCTS_DIR; };
		5857DEB9201B04FF00BD33EF /* Tests.m */ = {isa = PBXFileReference; lastKnownFileType = sourcecode.c.objc; path = Tests.m; sourceTree = "<group>"; };
		5857DEBB201B04FF00BD33EF /* Info.plist */ = {isa = PBXFileReference; lastKnownFileType = text.plist.xml; path = Info.plist; sourceTree = "<group>"; };
/* End PBXFileReference section */

/* Begin PBXFrameworksBuildPhase section */
		5857DEA3201B036700BD33EF /* Frameworks */ = {
			isa = PBXFrameworksBuildPhase;
			buildActionMask = 2147483647;
			files = (
			);
			runOnlyForDeploymentPostprocessing = 0;
		};
		5857DEB4201B04FF00BD33EF /* Frameworks */ = {
			isa = PBXFrameworksBuildPhase;
			buildActionMask = 2147483647;
			files = (
			);
			runOnlyForDeploymentPostprocessing = 0;
		};
/* End PBXFrameworksBuildPhase section */

/* Begin PBXGroup section */
		5857DE9D201B036700BD33EF = {
			isa = PBXGroup;
			children = (
				5857DEA8201B036700BD33EF /* ArrayInsertion */,
				5857DEB8201B04FF00BD33EF /* Tests */,
				5857DEA7201B036700BD33EF /* Products */,
			);
			sourceTree = "<group>";
		};
		5857DEA7201B036700BD33EF /* Products */ = {
			isa = PBXGroup;
			children = (
				5857DEA6201B036700BD33EF /* ArrayInsertion */,
				5857DEB7201B04FF00BD33EF /* Tests.xctest */,
			);
			name = Products;
			sourceTree = "<group>";
		};
		5857DEA8201B036700BD33EF /* ArrayInsertion */ = {
			isa = PBXGroup;
			children = (
				5857DEA9201B036700BD33EF /* main.m */,
				5857DEB0201B039000BD33EF /* NSMutableArray+SCInsertion.h */,
				5857DEB1201B039000BD33EF /* NSMutableArray+SCInsertion.m */,
			);
			path = ArrayInsertion;
			sourceTree = "<group>";
		};
		5857DEB8201B04FF00BD33EF /* Tests */ = {
			isa = PBXGroup;
			children = (
				5857DEB9201B04FF00BD33EF /* Tests.m */,
				5857DEBB201B04FF00BD33EF /* Info.plist */,
			);
			path = Tests;
			sourceTree = "<group>";
		};
/* End PBXGroup section */

/* Begin PBXNativeTarget section */
		5857DEA5201B036700BD33EF /* ArrayInsertion */ = {
			isa = PBXNativeTarget;
			buildConfigurationList = 5857DEAD201B036700BD33EF /* Build configuration list for PBXNativeTarget "ArrayInsertion" */;
			buildPhases = (
				5857DEA2201B036700BD33EF /* Sources */,
				5857DEA3201B036700BD33EF /* Frameworks */,
				5857DEA4201B036700BD33EF /* CopyFiles */,
			);
			buildRules = (
			);
			dependencies = (
			);
			name = ArrayInsertion;
			productName = ArrayInsertion;
			productReference = 5857DEA6201B036700BD33EF /* ArrayInsertion */;
			productType = "com.apple.product-type.tool";
		};
		5857DEB6201B04FF00BD33EF /* Tests */ = {
			isa = PBXNativeTarget;
			buildConfigurationList = 5857DEBC201B04FF00BD33EF /* Build configuration list for PBXNativeTarget "Tests" */;
			buildPhases = (
				5857DEB3201B04FF00BD33EF /* Sources */,
				5857DEB4201B04FF00BD33EF /* Frameworks */,
				5857DEB5201B04FF00BD33EF /* Resources */,
			);
			buildRules = (
			);
			dependencies = (
			);
			name = Tests;
			productName = Tests;
			productReference = 5857DEB7201B04FF00BD33EF /* Tests.xctest */;
			productType = "com.apple.product-type.bundle.unit-test";
		};
/* End PBXNativeTarget section */

/* Begin PBXProject section */
		5857DE9E201B036700BD33EF /* Project object */ = {
			isa = PBXProject;
			attributes = {
				LastUpgradeCheck = 0910;
				ORGANIZATIONNAME = ShannonChen;
				TargetAttributes = {
					5857DEA5201B036700BD33EF = {
						CreatedOnToolsVersion = 9.1;
						ProvisioningStyle = Automatic;
					};
					5857DEB6201B04FF00BD33EF = {
						CreatedOnToolsVersion = 9.1;
						ProvisioningStyle = Automatic;
					};
				};
			};
			buildConfigurationList = 5857DEA1201B036700BD33EF /* Build configuration list for PBXProject "ArrayInsertion" */;
			compatibilityVersion = "Xcode 8.0";
			developmentRegion = en;
			hasScannedForEncodings = 0;
			knownRegions = (
				en,
			);
			mainGroup = 5857DE9D201B036700BD33EF;
			productRefGroup = 5857DEA7201B036700BD33EF /* Products */;
			projectDirPath = "";
			projectRoot = "";
			targets = (
				5857DEA5201B036700BD33EF /* ArrayInsertion */,
				5857DEB6201B04FF00BD33EF /* Tests */,
			);
		};
/* End PBXProject section */

/* Begin PBXResourcesBuildPhase section */
		5857DEB5201B04FF00BD33EF /* Resources */ = {
			isa = PBXResourcesBuildPhase;
			buildActionMask = 2147483647;
			files = (
			);
			runOnlyForDeploymentPostprocessing = 0;
		};
/* End PBXResourcesBuildPhase section */

/* Begin PBXSourcesBuildPhase section */
		5857DEA2201B036700BD33EF /* Sources */ = {
			isa = PBXSourcesBuildPhase;
			buildActionMask = 2147483647;
			files = (
				5857DEAA201B036700BD33EF /* main.m in Sources */,
				5857DEB2201B039000BD33EF /* NSMutableArray+SCInsertion.m in Sources */,
			);
			runOnlyForDeploymentPostprocessing = 0;
		};
		5857DEB3201B04FF00BD33EF /* Sources */ = {
			isa = PBXSourcesBuildPhase;
			buildActionMask = 2147483647;
			files = (
				5857DEBA201B04FF00BD33EF /* Tests.m in Sources */,
			);
			runOnlyForDeploymentPostprocessing = 0;
		};
/* End PBXSourcesBuildPhase section */

/* Begin XCBuildConfiguration section */
		5857DEAB201B036700BD33EF /* Debug */ = {
			isa = XCBuildConfiguration;
			buildSettings = {
				ALWAYS_SEARCH_USER_PATHS = NO;
				CLANG_ANALYZER_NONNULL = YES;
				CLANG_ANALYZER_NUMBER_OBJECT_CONVERSION = YES_AGGRESSIVE;
				CLANG_CXX_LANGUAGE_STANDARD = "gnu++14";
				CLANG_CXX_LIBRARY = "libc++";
				CLANG_ENABLE_MODULES = YES;
				CLANG_ENABLE_OBJC_ARC = YES;
				CLANG_WARN_BLOCK_CAPTURE_AUTORELEASING = YES;
				CLANG_WARN_BOOL_CONVERSION = YES;
				CLANG_WARN_COMMA = YES;
				CLANG_WARN_CONSTANT_CONVERSION = YES;
				CLANG_WARN_DIRECT_OBJC_ISA_USAGE = YES_ERROR;
				CLANG_WARN_DOCUMENTATION_COMMENTS = YES;
				CLANG_WARN_EMPTY_BODY = YES;
				CLANG_WARN_ENUM_CONVERSION = YES;
				CLANG_WARN_INFINITE_RECURSION = YES;
				CLANG_WARN_INT_CONVERSION = YES;
				CLANG_WARN_NON_LITERAL_NULL_CONVERSION = YES;
				CLANG_WARN_OBJC_LITERAL_CONVERSION = YES;
				CLANG_WARN_OBJC_ROOT_CLASS = YES_ERROR;
				CLANG_WARN_RANGE_LOOP_ANALYSIS = YES;
				CLANG_WARN_STRICT_PROTOTYPES = YES;
				CLANG_WARN_SUSPICIOUS_MOVE = YES;
				CLANG_WARN_UNGUARDED_AVAILABILITY = YES_AGGRESSIVE;
				CLANG_WARN_UNREACHABLE_CODE = YES;
				CLANG_WARN__DUPLICATE_METHOD_MATCH = YES;
				CODE_SIGN_IDENTITY = "Mac Developer";
				COPY_PHASE_STRIP = NO;
				DEBUG_INFORMATION_FORMAT = dwarf;
				ENABLE_STRICT_OBJC_MSGSEND = YES;
				ENABLE_TESTABILITY = YES;
				GCC_C_LANGUAGE_STANDARD = gnu11;
				GCC_DYNAMIC_NO_PIC = NO;
				GCC_NO_COMMON_BLOCKS = YES;
				GCC_OPTIMIZATION_LEVEL = 0;
				GCC_PREPROCESSOR_DEFINITIONS = (
					"DEBUG=1",
					"$(inherited)",
				);
				GCC_WARN_64_TO_32_BIT_CONVERSION = YES;
				GCC_WARN_ABOUT_RETURN_TYPE = YES_ERROR;
				GCC_WARN_UNDECLARED_SELECTOR = YES;
				GCC_WARN_UNINITIALIZED_AUTOS = YES_AGGRESSIVE;
				GCC_WARN_UNUSED_FUNCTION = YES;
				GCC_WARN_UNUSED_VARIABLE = YES;
				MACOSX_DEPLOYMENT_TARGET = 10.12;
				MTL_ENABLE_DEBUG_INFO = YES;
				ONLY_ACTIVE_ARCH = YES;
				SDKROOT = macosx;
			};
			name = Debug;
		};
		5857DEAC201B036700BD33EF /* Release */ = {
			isa = XCBuildConfiguration;
			buildSettings = {
				ALWAYS_SEARCH_USER_PATHS = NO;
				CLANG_ANALYZER_NONNULL = YES;
				CLANG_ANALYZER_NUMBER_OBJECT_CONVERSION = YES_AGGRESSIVE;
				CLANG_CXX_LANGUAGE_STANDARD = "gnu++14";
				CLANG_CXX_LIBRARY = "libc++";
				CLANG_ENABLE_MODULES = YES;
				CLANG_ENABLE_OBJC_ARC = YES;
				CLANG_WARN_BLOCK_CAPTURE_AUTORELEASING = YES;
				CLANG_WARN_BOOL_CONVERSION = YES;
				CLANG_WARN_COMMA = YES;
				CLANG_WARN_CONSTANT_CONVERSION = YES;
				CLANG_WARN_DIRECT_OBJC_ISA_USAGE = YES_ERROR;
				CLANG_WARN_DOCUMENTATION_COMMENTS = YES;
				CLANG_WARN_EMPTY_BODY = YES;
				CLANG_WARN_ENUM_CONVERSION = YES;
				CLANG_WARN_INFINITE_RECURSION = YES;
				CLANG_WARN_INT_CONVERSION = YES;
				CLANG_WARN_NON_LITERAL_NULL_CONVERSION = YES;
				CLANG_WARN_OBJC_LITERAL_CONVERSION = YES;
				CLANG_WARN_OBJC_ROOT_CLASS = YES_ERROR;
				CLANG_WARN_RANGE_LOOP_ANALYSIS = YES;
				CLANG_WARN_STRICT_PROTOTYPES = YES;
				CLANG_WARN_SUSPICIOUS_MOVE = YES;
				CLANG_WARN_UNGUARDED_AVAILABILITY = YES_AGGRESSIVE;
				CLANG_WARN_UNREACHABLE_CODE = YES;
				CLANG_WARN__DUPLICATE_METHOD_MATCH = YES;
				CODE_SIGN_IDENTITY = "Mac Developer";
				COPY_PHASE_STRIP = NO;
				DEBUG_INFORMATION_FORMAT = "dwarf-with-dsym";
				ENABLE_NS_ASSERTIONS = NO;
				ENABLE_STRICT_OBJC_MSGSEND = YES;
				GCC_C_LANGUAGE_STANDARD = gnu11;
				GCC_NO_COMMON_BLOCKS = YES;
				GCC_WARN_64_TO_32_BIT_CONVERSION = YES;
				GCC_WARN_ABOUT_RETURN_TYPE = YES_ERROR;
				GCC_WARN_UNDECLARED_SELECTOR = YES;
				GCC_WARN_UNINITIALIZED_AUTOS = YES_AGGRESSIVE;
				GCC_WARN_UNUSED_FUNCTION = YES;
				GCC_WARN_UNUSED_VARIABLE = YES;
				MACOSX_DEPLOYMENT_TARGET = 10.12;
				MTL_ENABLE_DEBUG_INFO = NO;
				SDKROOT = macosx;
			};
			name = Release;
		};
		5857DEAE201B036700BD33EF /* Debug */ = {
			isa = XCBuildConfiguration;
			buildSettings = {
				CODE_SIGN_STYLE = Automatic;
				DEVELOPMENT_TEAM = 38K2TJBGY2;
				PRODUCT_NAME = "$(TARGET_NAME)";
			};
			name = Debug;
		};
		5857DEAF201B036700BD33EF /* Release */ = {
			isa = XCBuildConfiguration;
			buildSettings = {
				CODE_SIGN_STYLE = Automatic;
				DEVELOPMENT_TEAM = 38K2TJBGY2;
				PRODUCT_NAME = "$(TARGET_NAME)";
			};
			name = Release;
		};
		5857DEBD201B04FF00BD33EF /* Debug */ = {
			isa = XCBuildConfiguration;
			buildSettings = {
				CODE_SIGN_STYLE = Automatic;
				COMBINE_HIDPI_IMAGES = YES;
				DEVELOPMENT_TEAM = 38K2TJBGY2;
				INFOPLIST_FILE = Tests/Info.plist;
				LD_RUNPATH_SEARCH_PATHS = "$(inherited) @executable_path/../Frameworks @loader_path/../Frameworks";
				PRODUCT_BUNDLE_IDENTIFIER = com.shannon.com.Tests;
				PRODUCT_NAME = "$(TARGET_NAME)";
			};
			name = Debug;
		};
		5857DEBE201B04FF00BD33EF /* Release */ = {
			isa = XCBuildConfiguration;
			buildSettings = {
				CODE_SIGN_STYLE = Automatic;
				COMBINE_HIDPI_IMAGES = YES;
				DEVELOPMENT_TEAM = 38K2TJBGY2;
				INFOPLIST_FILE = Tests/Info.plist;
				LD_RUNPATH_SEARCH_PATHS = "$(inherited) @executable_path/../Frameworks @loader_path/../Frameworks";
				PRODUCT_BUNDLE_IDENTIFIER = com.shannon.com.Tests;
				PRODUCT_NAME = "$(TARGET_NAME)";
			};
			name = Release;
		};
/* End XCBuildConfiguration section */

/* Begin XCConfigurationList section */
		5857DEA1201B036700BD33EF /* Build configuration list for PBXProject "ArrayInsertion" */ = {
			isa = XCConfigurationList;
			buildConfigurations = (
				5857DEAB201B036700BD33EF /* Debug */,
				5857DEAC201B036700BD33EF /* Release */,
			);
			defaultConfigurationIsVisible = 0;
			defaultConfigurationName = Release;
		};
		5857DEAD201B036700BD33EF /* Build configuration list for PBXNativeTarget "ArrayInsertion" */ = {
			isa = XCConfigurationList;
			buildConfigurations = (
				5857DEAE201B036700BD33EF /* Debug */,
				5857DEAF201B036700BD33EF /* Release */,
			);
			defaultConfigurationIsVisible = 0;
			defaultConfigurationName = Release;
		};
		5857DEBC201B04FF00BD33EF /* Build configuration list for PBXNativeTarget "Tests" */ = {
			isa = XCConfigurationList;
			buildConfigurations = (
				5857DEBD201B04FF00BD33EF /* Debug */,
				5857DEBE201B04FF00BD33EF /* Release */,
			);
			defaultConfigurationIsVisible = 0;
			defaultConfigurationName = Release;
		};
/* End XCConfigurationList section */
	};
	rootObject = 5857DE9E201B036700BD33EF /* Project object */;
}
