// !$*UTF8*$!
{
	archiveVersion = 1;
	classes = {
	};
	objectVersion = 48;
	objects = {

/* Begin PBXBuildFile section */
		5852DC132068971500613589 /* main.m in Sources */ = {isa = PBXBuildFile; fileRef = 5852DC122068971500613589 /* main.m */; };
		5852DC1E2068974D00613589 /* main.c in Sources */ = {isa = PBXBuildFile; fileRef = 5852DC1D2068974D00613589 /* main.c */; };
		5852DC292068F6DE00613589 /* main.cpp in Sources */ = {isa = PBXBuildFile; fileRef = 5852DC282068F6DE00613589 /* main.cpp */; };
		5852DC302068F7D400613589 /* List.cpp in Sources */ = {isa = PBXBuildFile; fileRef = 5852DC2E2068F7D400613589 /* List.cpp */; };
		5852DC38206A3E9800613589 /* main.cpp in Sources */ = {isa = PBXBuildFile; fileRef = 5852DC37206A3E9800613589 /* main.cpp */; };
		5852DC43206A3EAA00613589 /* main.cpp in Sources */ = {isa = PBXBuildFile; fileRef = 5852DC42206A3EAA00613589 /* main.cpp */; };
		5852DC4B206A58DD00613589 /* Queue.cpp in Sources */ = {isa = PBXBuildFile; fileRef = 5852DC49206A58DD00613589 /* Queue.cpp */; };
		5852DC4E206B407F00613589 /* BinaryTree.cpp in Sources */ = {isa = PBXBuildFile; fileRef = 5852DC4C206B407F00613589 /* BinaryTree.cpp */; };
		5852DC56206B6B1A00613589 /* main.cpp in Sources */ = {isa = PBXBuildFile; fileRef = 5852DC55206B6B1A00613589 /* main.cpp */; };
		5852DC61206B6B2F00613589 /* main.cpp in Sources */ = {isa = PBXBuildFile; fileRef = 5852DC60206B6B2F00613589 /* main.cpp */; };
		5852DC6C206B6B3E00613589 /* main.cpp in Sources */ = {isa = PBXBuildFile; fileRef = 5852DC6B206B6B3E00613589 /* main.cpp */; };
		5852DC77206B6B5200613589 /* main.cpp in Sources */ = {isa = PBXBuildFile; fileRef = 5852DC76206B6B5200613589 /* main.cpp */; };
		5852DC82206B6B6100613589 /* main.cpp in Sources */ = {isa = PBXBuildFile; fileRef = 5852DC81206B6B6100613589 /* main.cpp */; };
		5852DC8D206B6B6E00613589 /* main.cpp in Sources */ = {isa = PBXBuildFile; fileRef = 5852DC8C206B6B6E00613589 /* main.cpp */; };
		587AE74D2067DA5300926994 /* main.m in Sources */ = {isa = PBXBuildFile; fileRef = 587AE74C2067DA5300926994 /* main.m */; };
		587AE7592067DC0400926994 /* main.m in Sources */ = {isa = PBXBuildFile; fileRef = 587AE7582067DC0400926994 /* main.m */; };
		587AE76420693DC700926994 /* main.cpp in Sources */ = {isa = PBXBuildFile; fileRef = 587AE76320693DC700926994 /* main.cpp */; };
		587AE76A2069430700926994 /* BinaryTree.cpp in Sources */ = {isa = PBXBuildFile; fileRef = 587AE7682069430700926994 /* BinaryTree.cpp */; };
/* End PBXBuildFile section */

/* Begin PBXCopyFilesBuildPhase section */
		5852DC0E2068971500613589 /* CopyFiles */ = {
			isa = PBXCopyFilesBuildPhase;
			buildActionMask = 2147483647;
			dstPath = /usr/share/man/man1/;
			dstSubfolderSpec = 0;
			files = (
			);
			runOnlyForDeploymentPostprocessing = 1;
		};
		5852DC192068974D00613589 /* CopyFiles */ = {
			isa = PBXCopyFilesBuildPhase;
			buildActionMask = 2147483647;
			dstPath = /usr/share/man/man1/;
			dstSubfolderSpec = 0;
			files = (
			);
			runOnlyForDeploymentPostprocessing = 1;
		};
		5852DC242068F6DE00613589 /* CopyFiles */ = {
			isa = PBXCopyFilesBuildPhase;
			buildActionMask = 2147483647;
			dstPath = /usr/share/man/man1/;
			dstSubfolderSpec = 0;
			files = (
			);
			runOnlyForDeploymentPostprocessing = 1;
		};
		5852DC33206A3E9800613589 /* CopyFiles */ = {
			isa = PBXCopyFilesBuildPhase;
			buildActionMask = 2147483647;
			dstPath = /usr/share/man/man1/;
			dstSubfolderSpec = 0;
			files = (
			);
			runOnlyForDeploymentPostprocessing = 1;
		};
		5852DC3E206A3EAA00613589 /* CopyFiles */ = {
			isa = PBXCopyFilesBuildPhase;
			buildActionMask = 2147483647;
			dstPath = /usr/share/man/man1/;
			dstSubfolderSpec = 0;
			files = (
			);
			runOnlyForDeploymentPostprocessing = 1;
		};
		5852DC51206B6B1A00613589 /* CopyFiles */ = {
			isa = PBXCopyFilesBuildPhase;
			buildActionMask = 2147483647;
			dstPath = /usr/share/man/man1/;
			dstSubfolderSpec = 0;
			files = (
			);
			runOnlyForDeploymentPostprocessing = 1;
		};
		5852DC5C206B6B2F00613589 /* CopyFiles */ = {
			isa = PBXCopyFilesBuildPhase;
			buildActionMask = 2147483647;
			dstPath = /usr/share/man/man1/;
			dstSubfolderSpec = 0;
			files = (
			);
			runOnlyForDeploymentPostprocessing = 1;
		};
		5852DC67206B6B3E00613589 /* CopyFiles */ = {
			isa = PBXCopyFilesBuildPhase;
			buildActionMask = 2147483647;
			dstPath = /usr/share/man/man1/;
			dstSubfolderSpec = 0;
			files = (
			);
			runOnlyForDeploymentPostprocessing = 1;
		};
		5852DC72206B6B5200613589 /* CopyFiles */ = {
			isa = PBXCopyFilesBuildPhase;
			buildActionMask = 2147483647;
			dstPath = /usr/share/man/man1/;
			dstSubfolderSpec = 0;
			files = (
			);
			runOnlyForDeploymentPostprocessing = 1;
		};
		5852DC7D206B6B6100613589 /* CopyFiles */ = {
			isa = PBXCopyFilesBuildPhase;
			buildActionMask = 2147483647;
			dstPath = /usr/share/man/man1/;
			dstSubfolderSpec = 0;
			files = (
			);
			runOnlyForDeploymentPostprocessing = 1;
		};
		5852DC88206B6B6E00613589 /* CopyFiles */ = {
			isa = PBXCopyFilesBuildPhase;
			buildActionMask = 2147483647;
			dstPath = /usr/share/man/man1/;
			dstSubfolderSpec = 0;
			files = (
			);
			runOnlyForDeploymentPostprocessing = 1;
		};
		587AE7482067DA5300926994 /* CopyFiles */ = {
			isa = PBXCopyFilesBuildPhase;
			buildActionMask = 2147483647;
			dstPath = /usr/share/man/man1/;
			dstSubfolderSpec = 0;
			files = (
			);
			runOnlyForDeploymentPostprocessing = 1;
		};
		587AE7542067DC0400926994 /* CopyFiles */ = {
			isa = PBXCopyFilesBuildPhase;
			buildActionMask = 2147483647;
			dstPath = /usr/share/man/man1/;
			dstSubfolderSpec = 0;
			files = (
			);
			runOnlyForDeploymentPostprocessing = 1;
		};
		587AE75F20693DC700926994 /* CopyFiles */ = {
			isa = PBXCopyFilesBuildPhase;
			buildActionMask = 2147483647;
			dstPath = /usr/share/man/man1/;
			dstSubfolderSpec = 0;
			files = (
			);
			runOnlyForDeploymentPostprocessing = 1;
		};
/* End PBXCopyFilesBuildPhase section */

/* Begin PBXFileReference section */
		5852DC102068971500613589 /* 04_FindInPartiallySortedMatrix */ = {isa = PBXFileReference; explicitFileType = "compiled.mach-o.executable"; includeInIndex = 0; path = 04_FindInPartiallySortedMatrix; sourceTree = BUILT_PRODUCTS_DIR; };
		5852DC122068971500613589 /* main.m */ = {isa = PBXFileReference; lastKnownFileType = sourcecode.c.objc; path = main.m; sourceTree = "<group>"; };
		5852DC1B2068974D00613589 /* 05_ReplaceSpaces */ = {isa = PBXFileReference; explicitFileType = "compiled.mach-o.executable"; includeInIndex = 0; path = 05_ReplaceSpaces; sourceTree = BUILT_PRODUCTS_DIR; };
		5852DC1D2068974D00613589 /* main.c */ = {isa = PBXFileReference; lastKnownFileType = sourcecode.c.c; path = main.c; sourceTree = "<group>"; };
		5852DC262068F6DE00613589 /* 06_PrintListInReversedOrder */ = {isa = PBXFileReference; explicitFileType = "compiled.mach-o.executable"; includeInIndex = 0; path = 06_PrintListInReversedOrder; sourceTree = BUILT_PRODUCTS_DIR; };
		5852DC282068F6DE00613589 /* main.cpp */ = {isa = PBXFileReference; lastKnownFileType = sourcecode.cpp.cpp; path = main.cpp; sourceTree = "<group>"; };
		5852DC2E2068F7D400613589 /* List.cpp */ = {isa = PBXFileReference; lastKnownFileType = sourcecode.cpp.cpp; path = List.cpp; sourceTree = "<group>"; };
		5852DC2F2068F7D400613589 /* List.hpp */ = {isa = PBXFileReference; lastKnownFileType = sourcecode.cpp.h; path = List.hpp; sourceTree = "<group>"; };
		5852DC35206A3E9800613589 /* 08_NextNodeInBinaryTrees */ = {isa = PBXFileReference; explicitFileType = "compiled.mach-o.executable"; includeInIndex = 0; path = 08_NextNodeInBinaryTrees; sourceTree = BUILT_PRODUCTS_DIR; };
		5852DC37206A3E9800613589 /* main.cpp */ = {isa = PBXFileReference; lastKnownFileType = sourcecode.cpp.cpp; path = main.cpp; sourceTree = "<group>"; };
		5852DC40206A3EAA00613589 /* 09_QueueWithTwoStacks */ = {isa = PBXFileReference; explicitFileType = "compiled.mach-o.executable"; includeInIndex = 0; path = 09_QueueWithTwoStacks; sourceTree = BUILT_PRODUCTS_DIR; };
		5852DC42206A3EAA00613589 /* main.cpp */ = {isa = PBXFileReference; lastKnownFileType = sourcecode.cpp.cpp; path = main.cpp; sourceTree = "<group>"; };
		5852DC49206A58DD00613589 /* Queue.cpp */ = {isa = PBXFileReference; lastKnownFileType = sourcecode.cpp.cpp; path = Queue.cpp; sourceTree = "<group>"; };
		5852DC4A206A58DD00613589 /* Queue.hpp */ = {isa = PBXFileReference; lastKnownFileType = sourcecode.cpp.h; path = Queue.hpp; sourceTree = "<group>"; };
		5852DC4C206B407F00613589 /* BinaryTree.cpp */ = {isa = PBXFileReference; lastKnownFileType = sourcecode.cpp.cpp; path = BinaryTree.cpp; sourceTree = "<group>"; };
		5852DC4D206B407F00613589 /* BinaryTree.hpp */ = {isa = PBXFileReference; lastKnownFileType = sourcecode.cpp.h; path = BinaryTree.hpp; sourceTree = "<group>"; };
		5852DC53206B6B1A00613589 /* 10_Fibonacci */ = {isa = PBXFileReference; explicitFileType = "compiled.mach-o.executable"; includeInIndex = 0; path = 10_Fibonacci; sourceTree = BUILT_PRODUCTS_DIR; };
		5852DC55206B6B1A00613589 /* main.cpp */ = {isa = PBXFileReference; lastKnownFileType = sourcecode.cpp.cpp; path = main.cpp; sourceTree = "<group>"; };
		5852DC5E206B6B2F00613589 /* 11_MinNumberInRotatedArray */ = {isa = PBXFileReference; explicitFileType = "compiled.mach-o.executable"; includeInIndex = 0; path = 11_MinNumberInRotatedArray; sourceTree = BUILT_PRODUCTS_DIR; };
		5852DC60206B6B2F00613589 /* main.cpp */ = {isa = PBXFileReference; lastKnownFileType = sourcecode.cpp.cpp; path = main.cpp; sourceTree = "<group>"; };
		5852DC69206B6B3E00613589 /* 12_StringPathInMatrix */ = {isa = PBXFileReference; explicitFileType = "compiled.mach-o.executable"; includeInIndex = 0; path = 12_StringPathInMatrix; sourceTree = BUILT_PRODUCTS_DIR; };
		5852DC6B206B6B3E00613589 /* main.cpp */ = {isa = PBXFileReference; lastKnownFileType = sourcecode.cpp.cpp; path = main.cpp; sourceTree = "<group>"; };
		5852DC74206B6B5200613589 /* 13_RobotMove */ = {isa = PBXFileReference; explicitFileType = "compiled.mach-o.executable"; includeInIndex = 0; path = 13_RobotMove; sourceTree = BUILT_PRODUCTS_DIR; };
		5852DC76206B6B5200613589 /* main.cpp */ = {isa = PBXFileReference; lastKnownFileType = sourcecode.cpp.cpp; path = main.cpp; sourceTree = "<group>"; };
		5852DC7F206B6B6100613589 /* 14_CuttingRope */ = {isa = PBXFileReference; explicitFileType = "compiled.mach-o.executable"; includeInIndex = 0; path = 14_CuttingRope; sourceTree = BUILT_PRODUCTS_DIR; };
		5852DC81206B6B6100613589 /* main.cpp */ = {isa = PBXFileReference; lastKnownFileType = sourcecode.cpp.cpp; path = main.cpp; sourceTree = "<group>"; };
		5852DC8A206B6B6E00613589 /* 15_NumberOf1InBinary */ = {isa = PBXFileReference; explicitFileType = "compiled.mach-o.executable"; includeInIndex = 0; path = 15_NumberOf1InBinary; sourceTree = BUILT_PRODUCTS_DIR; };
		5852DC8C206B6B6E00613589 /* main.cpp */ = {isa = PBXFileReference; lastKnownFileType = sourcecode.cpp.cpp; path = main.cpp; sourceTree = "<group>"; };
		587AE74A2067DA5300926994 /* 03_01_DuplicationInArray */ = {isa = PBXFileReference; explicitFileType = "compiled.mach-o.executable"; includeInIndex = 0; path = 03_01_DuplicationInArray; sourceTree = BUILT_PRODUCTS_DIR; };
		587AE74C2067DA5300926994 /* main.m */ = {isa = PBXFileReference; lastKnownFileType = sourcecode.c.objc; path = main.m; sourceTree = "<group>"; };
		587AE7512067DB6800926994 /* README.md */ = {isa = PBXFileReference; lastKnownFileType = net.daringfireball.markdown; path = README.md; sourceTree = "<group>"; };
		587AE7562067DC0400926994 /* 03_02_DuplicationInArrayWithoutModifyingArray */ = {isa = PBXFileReference; explicitFileType = "compiled.mach-o.executable"; includeInIndex = 0; path = 03_02_DuplicationInArrayWithoutModifyingArray; sourceTree = BUILT_PRODUCTS_DIR; };
		587AE7582067DC0400926994 /* main.m */ = {isa = PBXFileReference; lastKnownFileType = sourcecode.c.objc; path = main.m; sourceTree = "<group>"; };
		587AE76120693DC700926994 /* 07_ConstructBinaryTree */ = {isa = PBXFileReference; explicitFileType = "compiled.mach-o.executable"; includeInIndex = 0; path = 07_ConstructBinaryTree; sourceTree = BUILT_PRODUCTS_DIR; };
		587AE76320693DC700926994 /* main.cpp */ = {isa = PBXFileReference; lastKnownFileType = sourcecode.cpp.cpp; path = main.cpp; sourceTree = "<group>"; };
		587AE7682069430700926994 /* BinaryTree.cpp */ = {isa = PBXFileReference; lastKnownFileType = sourcecode.cpp.cpp; path = BinaryTree.cpp; sourceTree = "<group>"; };
		587AE7692069430700926994 /* BinaryTree.hpp */ = {isa = PBXFileReference; lastKnownFileType = sourcecode.cpp.h; path = BinaryTree.hpp; sourceTree = "<group>"; };
/* End PBXFileReference section */

/* Begin PBXFrameworksBuildPhase section */
		5852DC0D2068971500613589 /* Frameworks */ = {
			isa = PBXFrameworksBuildPhase;
			buildActionMask = 2147483647;
			files = (
			);
			runOnlyForDeploymentPostprocessing = 0;
		};
		5852DC182068974D00613589 /* Frameworks */ = {
			isa = PBXFrameworksBuildPhase;
			buildActionMask = 2147483647;
			files = (
			);
			runOnlyForDeploymentPostprocessing = 0;
		};
		5852DC232068F6DE00613589 /* Frameworks */ = {
			isa = PBXFrameworksBuildPhase;
			buildActionMask = 2147483647;
			files = (
			);
			runOnlyForDeploymentPostprocessing = 0;
		};
		5852DC32206A3E9800613589 /* Frameworks */ = {
			isa = PBXFrameworksBuildPhase;
			buildActionMask = 2147483647;
			files = (
			);
			runOnlyForDeploymentPostprocessing = 0;
		};
		5852DC3D206A3EAA00613589 /* Frameworks */ = {
			isa = PBXFrameworksBuildPhase;
			buildActionMask = 2147483647;
			files = (
			);
			runOnlyForDeploymentPostprocessing = 0;
		};
		5852DC50206B6B1A00613589 /* Frameworks */ = {
			isa = PBXFrameworksBuildPhase;
			buildActionMask = 2147483647;
			files = (
			);
			runOnlyForDeploymentPostprocessing = 0;
		};
		5852DC5B206B6B2F00613589 /* Frameworks */ = {
			isa = PBXFrameworksBuildPhase;
			buildActionMask = 2147483647;
			files = (
			);
			runOnlyForDeploymentPostprocessing = 0;
		};
		5852DC66206B6B3E00613589 /* Frameworks */ = {
			isa = PBXFrameworksBuildPhase;
			buildActionMask = 2147483647;
			files = (
			);
			runOnlyForDeploymentPostprocessing = 0;
		};
		5852DC71206B6B5200613589 /* Frameworks */ = {
			isa = PBXFrameworksBuildPhase;
			buildActionMask = 2147483647;
			files = (
			);
			runOnlyForDeploymentPostprocessing = 0;
		};
		5852DC7C206B6B6100613589 /* Frameworks */ = {
			isa = PBXFrameworksBuildPhase;
			buildActionMask = 2147483647;
			files = (
			);
			runOnlyForDeploymentPostprocessing = 0;
		};
		5852DC87206B6B6E00613589 /* Frameworks */ = {
			isa = PBXFrameworksBuildPhase;
			buildActionMask = 2147483647;
			files = (
			);
			runOnlyForDeploymentPostprocessing = 0;
		};
		587AE7472067DA5300926994 /* Frameworks */ = {
			isa = PBXFrameworksBuildPhase;
			buildActionMask = 2147483647;
			files = (
			);
			runOnlyForDeploymentPostprocessing = 0;
		};
		587AE7532067DC0400926994 /* Frameworks */ = {
			isa = PBXFrameworksBuildPhase;
			buildActionMask = 2147483647;
			files = (
			);
			runOnlyForDeploymentPostprocessing = 0;
		};
		587AE75E20693DC700926994 /* Frameworks */ = {
			isa = PBXFrameworksBuildPhase;
			buildActionMask = 2147483647;
			files = (
			);
			runOnlyForDeploymentPostprocessing = 0;
		};
/* End PBXFrameworksBuildPhase section */

/* Begin PBXGroup section */
		5852DC112068971500613589 /* 04_FindInPartiallySortedMatrix */ = {
			isa = PBXGroup;
			children = (
				5852DC122068971500613589 /* main.m */,
			);
			path = 04_FindInPartiallySortedMatrix;
			sourceTree = "<group>";
		};
		5852DC1C2068974D00613589 /* 05_ReplaceSpaces */ = {
			isa = PBXGroup;
			children = (
				5852DC1D2068974D00613589 /* main.c */,
			);
			path = 05_ReplaceSpaces;
			sourceTree = "<group>";
		};
		5852DC272068F6DE00613589 /* 06_PrintListInReversedOrder */ = {
			isa = PBXGroup;
			children = (
				5852DC282068F6DE00613589 /* main.cpp */,
			);
			path = 06_PrintListInReversedOrder;
			sourceTree = "<group>";
		};
		5852DC2D2068F7B900613589 /* Utilities */ = {
			isa = PBXGroup;
			children = (
				5852DC2F2068F7D400613589 /* List.hpp */,
				5852DC2E2068F7D400613589 /* List.cpp */,
				587AE7692069430700926994 /* BinaryTree.hpp */,
				587AE7682069430700926994 /* BinaryTree.cpp */,
			);
			path = Utilities;
			sourceTree = "<group>";
		};
		5852DC36206A3E9800613589 /* 08_NextNodeInBinaryTrees */ = {
			isa = PBXGroup;
			children = (
				5852DC37206A3E9800613589 /* main.cpp */,
				5852DC4D206B407F00613589 /* BinaryTree.hpp */,
				5852DC4C206B407F00613589 /* BinaryTree.cpp */,
			);
			path = 08_NextNodeInBinaryTrees;
			sourceTree = "<group>";
		};
		5852DC41206A3EAA00613589 /* 09_QueueWithTwoStacks */ = {
			isa = PBXGroup;
			children = (
				5852DC42206A3EAA00613589 /* main.cpp */,
				5852DC49206A58DD00613589 /* Queue.cpp */,
				5852DC4A206A58DD00613589 /* Queue.hpp */,
			);
			path = 09_QueueWithTwoStacks;
			sourceTree = "<group>";
		};
		5852DC54206B6B1A00613589 /* 10_Fibonacci */ = {
			isa = PBXGroup;
			children = (
				5852DC55206B6B1A00613589 /* main.cpp */,
			);
			path = 10_Fibonacci;
			sourceTree = "<group>";
		};
		5852DC5F206B6B2F00613589 /* 11_MinNumberInRotatedArray */ = {
			isa = PBXGroup;
			children = (
				5852DC60206B6B2F00613589 /* main.cpp */,
			);
			path = 11_MinNumberInRotatedArray;
			sourceTree = "<group>";
		};
		5852DC6A206B6B3E00613589 /* 12_StringPathInMatrix */ = {
			isa = PBXGroup;
			children = (
				5852DC6B206B6B3E00613589 /* main.cpp */,
			);
			path = 12_StringPathInMatrix;
			sourceTree = "<group>";
		};
		5852DC75206B6B5200613589 /* 13_RobotMove */ = {
			isa = PBXGroup;
			children = (
				5852DC76206B6B5200613589 /* main.cpp */,
			);
			path = 13_RobotMove;
			sourceTree = "<group>";
		};
		5852DC80206B6B6100613589 /* 14_CuttingRope */ = {
			isa = PBXGroup;
			children = (
				5852DC81206B6B6100613589 /* main.cpp */,
			);
			path = 14_CuttingRope;
			sourceTree = "<group>";
		};
		5852DC8B206B6B6E00613589 /* 15_NumberOf1InBinary */ = {
			isa = PBXGroup;
			children = (
				5852DC8C206B6B6E00613589 /* main.cpp */,
			);
			path = 15_NumberOf1InBinary;
			sourceTree = "<group>";
		};
		587AE7302066ACAF00926994 = {
			isa = PBXGroup;
			children = (
				587AE7512067DB6800926994 /* README.md */,
				5852DC2D2068F7B900613589 /* Utilities */,
				587AE74B2067DA5300926994 /* 03_01_DuplicationInArray */,
				587AE7572067DC0400926994 /* 03_02_DuplicationInArrayWithoutModifyingArray */,
				5852DC112068971500613589 /* 04_FindInPartiallySortedMatrix */,
				5852DC1C2068974D00613589 /* 05_ReplaceSpaces */,
				5852DC272068F6DE00613589 /* 06_PrintListInReversedOrder */,
				587AE76220693DC700926994 /* 07_ConstructBinaryTree */,
				5852DC36206A3E9800613589 /* 08_NextNodeInBinaryTrees */,
				5852DC41206A3EAA00613589 /* 09_QueueWithTwoStacks */,
				5852DC54206B6B1A00613589 /* 10_Fibonacci */,
				5852DC5F206B6B2F00613589 /* 11_MinNumberInRotatedArray */,
				5852DC6A206B6B3E00613589 /* 12_StringPathInMatrix */,
				5852DC75206B6B5200613589 /* 13_RobotMove */,
				5852DC80206B6B6100613589 /* 14_CuttingRope */,
				5852DC8B206B6B6E00613589 /* 15_NumberOf1InBinary */,
				587AE73A2066ACAF00926994 /* Products */,
			);
			sourceTree = "<group>";
		};
		587AE73A2066ACAF00926994 /* Products */ = {
			isa = PBXGroup;
			children = (
				587AE74A2067DA5300926994 /* 03_01_DuplicationInArray */,
				587AE7562067DC0400926994 /* 03_02_DuplicationInArrayWithoutModifyingArray */,
				5852DC102068971500613589 /* 04_FindInPartiallySortedMatrix */,
				5852DC1B2068974D00613589 /* 05_ReplaceSpaces */,
				5852DC262068F6DE00613589 /* 06_PrintListInReversedOrder */,
				587AE76120693DC700926994 /* 07_ConstructBinaryTree */,
				5852DC35206A3E9800613589 /* 08_NextNodeInBinaryTrees */,
				5852DC40206A3EAA00613589 /* 09_QueueWithTwoStacks */,
				5852DC53206B6B1A00613589 /* 10_Fibonacci */,
				5852DC5E206B6B2F00613589 /* 11_MinNumberInRotatedArray */,
				5852DC69206B6B3E00613589 /* 12_StringPathInMatrix */,
				5852DC74206B6B5200613589 /* 13_RobotMove */,
				5852DC7F206B6B6100613589 /* 14_CuttingRope */,
				5852DC8A206B6B6E00613589 /* 15_NumberOf1InBinary */,
			);
			name = Products;
			sourceTree = "<group>";
		};
		587AE74B2067DA5300926994 /* 03_01_DuplicationInArray */ = {
			isa = PBXGroup;
			children = (
				587AE74C2067DA5300926994 /* main.m */,
			);
			path = 03_01_DuplicationInArray;
			sourceTree = "<group>";
		};
		587AE7572067DC0400926994 /* 03_02_DuplicationInArrayWithoutModifyingArray */ = {
			isa = PBXGroup;
			children = (
				587AE7582067DC0400926994 /* main.m */,
			);
			path = 03_02_DuplicationInArrayWithoutModifyingArray;
			sourceTree = "<group>";
		};
		587AE76220693DC700926994 /* 07_ConstructBinaryTree */ = {
			isa = PBXGroup;
			children = (
				587AE76320693DC700926994 /* main.cpp */,
			);
			path = 07_ConstructBinaryTree;
			sourceTree = "<group>";
		};
/* End PBXGroup section */

/* Begin PBXNativeTarget section */
		5852DC0F2068971500613589 /* 04_FindInPartiallySortedMatrix */ = {
			isa = PBXNativeTarget;
			buildConfigurationList = 5852DC162068971500613589 /* Build configuration list for PBXNativeTarget "04_FindInPartiallySortedMatrix" */;
			buildPhases = (
				5852DC0C2068971500613589 /* Sources */,
				5852DC0D2068971500613589 /* Frameworks */,
				5852DC0E2068971500613589 /* CopyFiles */,
			);
			buildRules = (
			);
			dependencies = (
			);
			name = 04_FindInPartiallySortedMatrix;
			productName = 04_FindInPartiallySortedMatrix;
			productReference = 5852DC102068971500613589 /* 04_FindInPartiallySortedMatrix */;
			productType = "com.apple.product-type.tool";
		};
		5852DC1A2068974D00613589 /* 05_ReplaceSpaces */ = {
			isa = PBXNativeTarget;
			buildConfigurationList = 5852DC1F2068974D00613589 /* Build configuration list for PBXNativeTarget "05_ReplaceSpaces" */;
			buildPhases = (
				5852DC172068974D00613589 /* Sources */,
				5852DC182068974D00613589 /* Frameworks */,
				5852DC192068974D00613589 /* CopyFiles */,
			);
			buildRules = (
			);
			dependencies = (
			);
			name = 05_ReplaceSpaces;
			productName = 05_ReplaceSpaces;
			productReference = 5852DC1B2068974D00613589 /* 05_ReplaceSpaces */;
			productType = "com.apple.product-type.tool";
		};
		5852DC252068F6DE00613589 /* 06_PrintListInReversedOrder */ = {
			isa = PBXNativeTarget;
			buildConfigurationList = 5852DC2A2068F6DE00613589 /* Build configuration list for PBXNativeTarget "06_PrintListInReversedOrder" */;
			buildPhases = (
				5852DC222068F6DE00613589 /* Sources */,
				5852DC232068F6DE00613589 /* Frameworks */,
				5852DC242068F6DE00613589 /* CopyFiles */,
			);
			buildRules = (
			);
			dependencies = (
			);
			name = 06_PrintListInReversedOrder;
			productName = 06_PrintListInReversedOrder;
			productReference = 5852DC262068F6DE00613589 /* 06_PrintListInReversedOrder */;
			productType = "com.apple.product-type.tool";
		};
		5852DC34206A3E9800613589 /* 08_NextNodeInBinaryTrees */ = {
			isa = PBXNativeTarget;
			buildConfigurationList = 5852DC3B206A3E9800613589 /* Build configuration list for PBXNativeTarget "08_NextNodeInBinaryTrees" */;
			buildPhases = (
				5852DC31206A3E9800613589 /* Sources */,
				5852DC32206A3E9800613589 /* Frameworks */,
				5852DC33206A3E9800613589 /* CopyFiles */,
			);
			buildRules = (
			);
			dependencies = (
			);
			name = 08_NextNodeInBinaryTrees;
			productName = 08_NextNodeInBinaryTrees;
			productReference = 5852DC35206A3E9800613589 /* 08_NextNodeInBinaryTrees */;
			productType = "com.apple.product-type.tool";
		};
		5852DC3F206A3EAA00613589 /* 09_QueueWithTwoStacks */ = {
			isa = PBXNativeTarget;
			buildConfigurationList = 5852DC44206A3EAA00613589 /* Build configuration list for PBXNativeTarget "09_QueueWithTwoStacks" */;
			buildPhases = (
				5852DC3C206A3EAA00613589 /* Sources */,
				5852DC3D206A3EAA00613589 /* Frameworks */,
				5852DC3E206A3EAA00613589 /* CopyFiles */,
			);
			buildRules = (
			);
			dependencies = (
			);
			name = 09_QueueWithTwoStacks;
			productName = 09_QueueWithTwoStacks;
			productReference = 5852DC40206A3EAA00613589 /* 09_QueueWithTwoStacks */;
			productType = "com.apple.product-type.tool";
		};
		5852DC52206B6B1A00613589 /* 10_Fibonacci */ = {
			isa = PBXNativeTarget;
			buildConfigurationList = 5852DC57206B6B1A00613589 /* Build configuration list for PBXNativeTarget "10_Fibonacci" */;
			buildPhases = (
				5852DC4F206B6B1A00613589 /* Sources */,
				5852DC50206B6B1A00613589 /* Frameworks */,
				5852DC51206B6B1A00613589 /* CopyFiles */,
			);
			buildRules = (
			);
			dependencies = (
			);
			name = 10_Fibonacci;
			productName = 10_Fibonacci;
			productReference = 5852DC53206B6B1A00613589 /* 10_Fibonacci */;
			productType = "com.apple.product-type.tool";
		};
		5852DC5D206B6B2F00613589 /* 11_MinNumberInRotatedArray */ = {
			isa = PBXNativeTarget;
			buildConfigurationList = 5852DC62206B6B2F00613589 /* Build configuration list for PBXNativeTarget "11_MinNumberInRotatedArray" */;
			buildPhases = (
				5852DC5A206B6B2F00613589 /* Sources */,
				5852DC5B206B6B2F00613589 /* Frameworks */,
				5852DC5C206B6B2F00613589 /* CopyFiles */,
			);
			buildRules = (
			);
			dependencies = (
			);
			name = 11_MinNumberInRotatedArray;
			productName = 11_MinNumberInRotatedArray;
			productReference = 5852DC5E206B6B2F00613589 /* 11_MinNumberInRotatedArray */;
			productType = "com.apple.product-type.tool";
		};
		5852DC68206B6B3E00613589 /* 12_StringPathInMatrix */ = {
			isa = PBXNativeTarget;
			buildConfigurationList = 5852DC6D206B6B3E00613589 /* Build configuration list for PBXNativeTarget "12_StringPathInMatrix" */;
			buildPhases = (
				5852DC65206B6B3E00613589 /* Sources */,
				5852DC66206B6B3E00613589 /* Frameworks */,
				5852DC67206B6B3E00613589 /* CopyFiles */,
			);
			buildRules = (
			);
			dependencies = (
			);
			name = 12_StringPathInMatrix;
			productName = 12_StringPathInMatrix;
			productReference = 5852DC69206B6B3E00613589 /* 12_StringPathInMatrix */;
			productType = "com.apple.product-type.tool";
		};
		5852DC73206B6B5200613589 /* 13_RobotMove */ = {
			isa = PBXNativeTarget;
			buildConfigurationList = 5852DC78206B6B5200613589 /* Build configuration list for PBXNativeTarget "13_RobotMove" */;
			buildPhases = (
				5852DC70206B6B5200613589 /* Sources */,
				5852DC71206B6B5200613589 /* Frameworks */,
				5852DC72206B6B5200613589 /* CopyFiles */,
			);
			buildRules = (
			);
			dependencies = (
			);
			name = 13_RobotMove;
			productName = 13_RobotMove;
			productReference = 5852DC74206B6B5200613589 /* 13_RobotMove */;
			productType = "com.apple.product-type.tool";
		};
		5852DC7E206B6B6100613589 /* 14_CuttingRope */ = {
			isa = PBXNativeTarget;
			buildConfigurationList = 5852DC83206B6B6100613589 /* Build configuration list for PBXNativeTarget "14_CuttingRope" */;
			buildPhases = (
				5852DC7B206B6B6100613589 /* Sources */,
				5852DC7C206B6B6100613589 /* Frameworks */,
				5852DC7D206B6B6100613589 /* CopyFiles */,
			);
			buildRules = (
			);
			dependencies = (
			);
			name = 14_CuttingRope;
			productName = 14_CuttingRope;
			productReference = 5852DC7F206B6B6100613589 /* 14_CuttingRope */;
			productType = "com.apple.product-type.tool";
		};
		5852DC89206B6B6E00613589 /* 15_NumberOf1InBinary */ = {
			isa = PBXNativeTarget;
			buildConfigurationList = 5852DC8E206B6B6E00613589 /* Build configuration list for PBXNativeTarget "15_NumberOf1InBinary" */;
			buildPhases = (
				5852DC86206B6B6E00613589 /* Sources */,
				5852DC87206B6B6E00613589 /* Frameworks */,
				5852DC88206B6B6E00613589 /* CopyFiles */,
			);
			buildRules = (
			);
			dependencies = (
			);
			name = 15_NumberOf1InBinary;
			productName = 15_NumberOf1InBinary;
			productReference = 5852DC8A206B6B6E00613589 /* 15_NumberOf1InBinary */;
			productType = "com.apple.product-type.tool";
		};
		587AE7492067DA5300926994 /* 03_01_DuplicationInArray */ = {
			isa = PBXNativeTarget;
			buildConfigurationList = 587AE74E2067DA5300926994 /* Build configuration list for PBXNativeTarget "03_01_DuplicationInArray" */;
			buildPhases = (
				587AE7462067DA5300926994 /* Sources */,
				587AE7472067DA5300926994 /* Frameworks */,
				587AE7482067DA5300926994 /* CopyFiles */,
			);
			buildRules = (
			);
			dependencies = (
			);
			name = 03_01_DuplicationInArray;
			productName = 03_01_DuplicationInArray;
			productReference = 587AE74A2067DA5300926994 /* 03_01_DuplicationInArray */;
			productType = "com.apple.product-type.tool";
		};
		587AE7552067DC0400926994 /* 03_02_DuplicationInArrayWithoutModifyingArray */ = {
			isa = PBXNativeTarget;
			buildConfigurationList = 587AE75A2067DC0400926994 /* Build configuration list for PBXNativeTarget "03_02_DuplicationInArrayWithoutModifyingArray" */;
			buildPhases = (
				587AE7522067DC0400926994 /* Sources */,
				587AE7532067DC0400926994 /* Frameworks */,
				587AE7542067DC0400926994 /* CopyFiles */,
			);
			buildRules = (
			);
			dependencies = (
			);
			name = 03_02_DuplicationInArrayWithoutModifyingArray;
			productName = 03_02_DuplicationInArrayWithoutModifyingArray;
			productReference = 587AE7562067DC0400926994 /* 03_02_DuplicationInArrayWithoutModifyingArray */;
			productType = "com.apple.product-type.tool";
		};
		587AE76020693DC700926994 /* 07_ConstructBinaryTree */ = {
			isa = PBXNativeTarget;
			buildConfigurationList = 587AE76720693DC700926994 /* Build configuration list for PBXNativeTarget "07_ConstructBinaryTree" */;
			buildPhases = (
				587AE75D20693DC700926994 /* Sources */,
				587AE75E20693DC700926994 /* Frameworks */,
				587AE75F20693DC700926994 /* CopyFiles */,
			);
			buildRules = (
			);
			dependencies = (
			);
			name = 07_ConstructBinaryTree;
			productName = 07_ConstructBinaryTree;
			productReference = 587AE76120693DC700926994 /* 07_ConstructBinaryTree */;
			productType = "com.apple.product-type.tool";
		};
/* End PBXNativeTarget section */

/* Begin PBXProject section */
		587AE7312066ACAF00926994 /* Project object */ = {
			isa = PBXProject;
			attributes = {
				LastUpgradeCheck = 0910;
				ORGANIZATIONNAME = ShannonChen;
				TargetAttributes = {
					5852DC0F2068971500613589 = {
						CreatedOnToolsVersion = 9.1;
						ProvisioningStyle = Automatic;
					};
					5852DC1A2068974D00613589 = {
						CreatedOnToolsVersion = 9.1;
						ProvisioningStyle = Automatic;
					};
					5852DC252068F6DE00613589 = {
						CreatedOnToolsVersion = 9.1;
						ProvisioningStyle = Automatic;
					};
					5852DC34206A3E9800613589 = {
						CreatedOnToolsVersion = 9.1;
						ProvisioningStyle = Automatic;
					};
					5852DC3F206A3EAA00613589 = {
						CreatedOnToolsVersion = 9.1;
						ProvisioningStyle = Automatic;
					};
					5852DC52206B6B1A00613589 = {
						CreatedOnToolsVersion = 9.1;
						ProvisioningStyle = Automatic;
					};
					5852DC5D206B6B2F00613589 = {
						CreatedOnToolsVersion = 9.1;
						ProvisioningStyle = Automatic;
					};
					5852DC68206B6B3E00613589 = {
						CreatedOnToolsVersion = 9.1;
						ProvisioningStyle = Automatic;
					};
					5852DC73206B6B5200613589 = {
						CreatedOnToolsVersion = 9.1;
						ProvisioningStyle = Automatic;
					};
					5852DC7E206B6B6100613589 = {
						CreatedOnToolsVersion = 9.1;
						ProvisioningStyle = Automatic;
					};
					5852DC89206B6B6E00613589 = {
						CreatedOnToolsVersion = 9.1;
						ProvisioningStyle = Automatic;
					};
					587AE7492067DA5300926994 = {
						CreatedOnToolsVersion = 9.1;
						ProvisioningStyle = Automatic;
					};
					587AE7552067DC0400926994 = {
						CreatedOnToolsVersion = 9.1;
						ProvisioningStyle = Automatic;
					};
					587AE76020693DC700926994 = {
						CreatedOnToolsVersion = 9.1;
						ProvisioningStyle = Automatic;
					};
				};
			};
			buildConfigurationList = 587AE7342066ACAF00926994 /* Build configuration list for PBXProject "CodingInterview" */;
			compatibilityVersion = "Xcode 8.0";
			developmentRegion = en;
			hasScannedForEncodings = 0;
			knownRegions = (
				en,
			);
			mainGroup = 587AE7302066ACAF00926994;
			productRefGroup = 587AE73A2066ACAF00926994 /* Products */;
			projectDirPath = "";
			projectRoot = "";
			targets = (
				587AE7492067DA5300926994 /* 03_01_DuplicationInArray */,
				587AE7552067DC0400926994 /* 03_02_DuplicationInArrayWithoutModifyingArray */,
				5852DC0F2068971500613589 /* 04_FindInPartiallySortedMatrix */,
				5852DC1A2068974D00613589 /* 05_ReplaceSpaces */,
				5852DC252068F6DE00613589 /* 06_PrintListInReversedOrder */,
				587AE76020693DC700926994 /* 07_ConstructBinaryTree */,
				5852DC34206A3E9800613589 /* 08_NextNodeInBinaryTrees */,
				5852DC3F206A3EAA00613589 /* 09_QueueWithTwoStacks */,
				5852DC52206B6B1A00613589 /* 10_Fibonacci */,
				5852DC5D206B6B2F00613589 /* 11_MinNumberInRotatedArray */,
				5852DC68206B6B3E00613589 /* 12_StringPathInMatrix */,
				5852DC73206B6B5200613589 /* 13_RobotMove */,
				5852DC7E206B6B6100613589 /* 14_CuttingRope */,
				5852DC89206B6B6E00613589 /* 15_NumberOf1InBinary */,
			);
		};
/* End PBXProject section */

/* Begin PBXSourcesBuildPhase section */
		5852DC0C2068971500613589 /* Sources */ = {
			isa = PBXSourcesBuildPhase;
			buildActionMask = 2147483647;
			files = (
				5852DC132068971500613589 /* main.m in Sources */,
			);
			runOnlyForDeploymentPostprocessing = 0;
		};
		5852DC172068974D00613589 /* Sources */ = {
			isa = PBXSourcesBuildPhase;
			buildActionMask = 2147483647;
			files = (
				5852DC1E2068974D00613589 /* main.c in Sources */,
			);
			runOnlyForDeploymentPostprocessing = 0;
		};
		5852DC222068F6DE00613589 /* Sources */ = {
			isa = PBXSourcesBuildPhase;
			buildActionMask = 2147483647;
			files = (
				5852DC292068F6DE00613589 /* main.cpp in Sources */,
				5852DC302068F7D400613589 /* List.cpp in Sources */,
			);
			runOnlyForDeploymentPostprocessing = 0;
		};
		5852DC31206A3E9800613589 /* Sources */ = {
			isa = PBXSourcesBuildPhase;
			buildActionMask = 2147483647;
			files = (
				5852DC4E206B407F00613589 /* BinaryTree.cpp in Sources */,
				5852DC38206A3E9800613589 /* main.cpp in Sources */,
			);
			runOnlyForDeploymentPostprocessing = 0;
		};
		5852DC3C206A3EAA00613589 /* Sources */ = {
			isa = PBXSourcesBuildPhase;
			buildActionMask = 2147483647;
			files = (
				5852DC43206A3EAA00613589 /* main.cpp in Sources */,
				5852DC4B206A58DD00613589 /* Queue.cpp in Sources */,
			);
			runOnlyForDeploymentPostprocessing = 0;
		};
		5852DC4F206B6B1A00613589 /* Sources */ = {
			isa = PBXSourcesBuildPhase;
			buildActionMask = 2147483647;
			files = (
				5852DC56206B6B1A00613589 /* main.cpp in Sources */,
			);
			runOnlyForDeploymentPostprocessing = 0;
		};
		5852DC5A206B6B2F00613589 /* Sources */ = {
			isa = PBXSourcesBuildPhase;
			buildActionMask = 2147483647;
			files = (
				5852DC61206B6B2F00613589 /* main.cpp in Sources */,
			);
			runOnlyForDeploymentPostprocessing = 0;
		};
		5852DC65206B6B3E00613589 /* Sources */ = {
			isa = PBXSourcesBuildPhase;
			buildActionMask = 2147483647;
			files = (
				5852DC6C206B6B3E00613589 /* main.cpp in Sources */,
			);
			runOnlyForDeploymentPostprocessing = 0;
		};
		5852DC70206B6B5200613589 /* Sources */ = {
			isa = PBXSourcesBuildPhase;
			buildActionMask = 2147483647;
			files = (
				5852DC77206B6B5200613589 /* main.cpp in Sources */,
			);
			runOnlyForDeploymentPostprocessing = 0;
		};
		5852DC7B206B6B6100613589 /* Sources */ = {
			isa = PBXSourcesBuildPhase;
			buildActionMask = 2147483647;
			files = (
				5852DC82206B6B6100613589 /* main.cpp in Sources */,
			);
			runOnlyForDeploymentPostprocessing = 0;
		};
		5852DC86206B6B6E00613589 /* Sources */ = {
			isa = PBXSourcesBuildPhase;
			buildActionMask = 2147483647;
			files = (
				5852DC8D206B6B6E00613589 /* main.cpp in Sources */,
			);
			runOnlyForDeploymentPostprocessing = 0;
		};
		587AE7462067DA5300926994 /* Sources */ = {
			isa = PBXSourcesBuildPhase;
			buildActionMask = 2147483647;
			files = (
				587AE74D2067DA5300926994 /* main.m in Sources */,
			);
			runOnlyForDeploymentPostprocessing = 0;
		};
		587AE7522067DC0400926994 /* Sources */ = {
			isa = PBXSourcesBuildPhase;
			buildActionMask = 2147483647;
			files = (
				587AE7592067DC0400926994 /* main.m in Sources */,
			);
			runOnlyForDeploymentPostprocessing = 0;
		};
		587AE75D20693DC700926994 /* Sources */ = {
			isa = PBXSourcesBuildPhase;
			buildActionMask = 2147483647;
			files = (
				587AE76A2069430700926994 /* BinaryTree.cpp in Sources */,
				587AE76420693DC700926994 /* main.cpp in Sources */,
			);
			runOnlyForDeploymentPostprocessing = 0;
		};
/* End PBXSourcesBuildPhase section */

/* Begin XCBuildConfiguration section */
		5852DC142068971500613589 /* Debug */ = {
			isa = XCBuildConfiguration;
			buildSettings = {
				CODE_SIGN_IDENTITY = "-";
				CODE_SIGN_STYLE = Automatic;
				PRODUCT_NAME = "$(TARGET_NAME)";
			};
			name = Debug;
		};
		5852DC152068971500613589 /* Release */ = {
			isa = XCBuildConfiguration;
			buildSettings = {
				CODE_SIGN_IDENTITY = "-";
				CODE_SIGN_STYLE = Automatic;
				PRODUCT_NAME = "$(TARGET_NAME)";
			};
			name = Release;
		};
		5852DC202068974D00613589 /* Debug */ = {
			isa = XCBuildConfiguration;
			buildSettings = {
				CODE_SIGN_IDENTITY = "-";
				CODE_SIGN_STYLE = Automatic;
				PRODUCT_NAME = "$(TARGET_NAME)";
			};
			name = Debug;
		};
		5852DC212068974D00613589 /* Release */ = {
			isa = XCBuildConfiguration;
			buildSettings = {
				CODE_SIGN_IDENTITY = "-";
				CODE_SIGN_STYLE = Automatic;
				PRODUCT_NAME = "$(TARGET_NAME)";
			};
			name = Release;
		};
		5852DC2B2068F6DE00613589 /* Debug */ = {
			isa = XCBuildConfiguration;
			buildSettings = {
				CODE_SIGN_IDENTITY = "-";
				CODE_SIGN_STYLE = Automatic;
				PRODUCT_NAME = "$(TARGET_NAME)";
			};
			name = Debug;
		};
		5852DC2C2068F6DE00613589 /* Release */ = {
			isa = XCBuildConfiguration;
			buildSettings = {
				CODE_SIGN_IDENTITY = "-";
				CODE_SIGN_STYLE = Automatic;
				PRODUCT_NAME = "$(TARGET_NAME)";
			};
			name = Release;
		};
		5852DC39206A3E9800613589 /* Debug */ = {
			isa = XCBuildConfiguration;
			buildSettings = {
				CODE_SIGN_IDENTITY = "-";
				CODE_SIGN_STYLE = Automatic;
				PRODUCT_NAME = "$(TARGET_NAME)";
			};
			name = Debug;
		};
		5852DC3A206A3E9800613589 /* Release */ = {
			isa = XCBuildConfiguration;
			buildSettings = {
				CODE_SIGN_IDENTITY = "-";
				CODE_SIGN_STYLE = Automatic;
				PRODUCT_NAME = "$(TARGET_NAME)";
			};
			name = Release;
		};
		5852DC45206A3EAA00613589 /* Debug */ = {
			isa = XCBuildConfiguration;
			buildSettings = {
				CODE_SIGN_IDENTITY = "-";
				CODE_SIGN_STYLE = Automatic;
				PRODUCT_NAME = "$(TARGET_NAME)";
			};
			name = Debug;
		};
		5852DC46206A3EAA00613589 /* Release */ = {
			isa = XCBuildConfiguration;
			buildSettings = {
				CODE_SIGN_IDENTITY = "-";
				CODE_SIGN_STYLE = Automatic;
				PRODUCT_NAME = "$(TARGET_NAME)";
			};
			name = Release;
		};
		5852DC58206B6B1A00613589 /* Debug */ = {
			isa = XCBuildConfiguration;
			buildSettings = {
				CODE_SIGN_IDENTITY = "-";
				CODE_SIGN_STYLE = Automatic;
				PRODUCT_NAME = "$(TARGET_NAME)";
			};
			name = Debug;
		};
		5852DC59206B6B1A00613589 /* Release */ = {
			isa = XCBuildConfiguration;
			buildSettings = {
				CODE_SIGN_IDENTITY = "-";
				CODE_SIGN_STYLE = Automatic;
				PRODUCT_NAME = "$(TARGET_NAME)";
			};
			name = Release;
		};
		5852DC63206B6B2F00613589 /* Debug */ = {
			isa = XCBuildConfiguration;
			buildSettings = {
				CODE_SIGN_IDENTITY = "-";
				CODE_SIGN_STYLE = Automatic;
				PRODUCT_NAME = "$(TARGET_NAME)";
			};
			name = Debug;
		};
		5852DC64206B6B2F00613589 /* Release */ = {
			isa = XCBuildConfiguration;
			buildSettings = {
				CODE_SIGN_IDENTITY = "-";
				CODE_SIGN_STYLE = Automatic;
				PRODUCT_NAME = "$(TARGET_NAME)";
			};
			name = Release;
		};
		5852DC6E206B6B3E00613589 /* Debug */ = {
			isa = XCBuildConfiguration;
			buildSettings = {
				CODE_SIGN_IDENTITY = "-";
				CODE_SIGN_STYLE = Automatic;
				PRODUCT_NAME = "$(TARGET_NAME)";
			};
			name = Debug;
		};
		5852DC6F206B6B3E00613589 /* Release */ = {
			isa = XCBuildConfiguration;
			buildSettings = {
				CODE_SIGN_IDENTITY = "-";
				CODE_SIGN_STYLE = Automatic;
				PRODUCT_NAME = "$(TARGET_NAME)";
			};
			name = Release;
		};
		5852DC79206B6B5200613589 /* Debug */ = {
			isa = XCBuildConfiguration;
			buildSettings = {
				CODE_SIGN_IDENTITY = "-";
				CODE_SIGN_STYLE = Automatic;
				PRODUCT_NAME = "$(TARGET_NAME)";
			};
			name = Debug;
		};
		5852DC7A206B6B5200613589 /* Release */ = {
			isa = XCBuildConfiguration;
			buildSettings = {
				CODE_SIGN_IDENTITY = "-";
				CODE_SIGN_STYLE = Automatic;
				PRODUCT_NAME = "$(TARGET_NAME)";
			};
			name = Release;
		};
		5852DC84206B6B6100613589 /* Debug */ = {
			isa = XCBuildConfiguration;
			buildSettings = {
				CODE_SIGN_IDENTITY = "-";
				CODE_SIGN_STYLE = Automatic;
				PRODUCT_NAME = "$(TARGET_NAME)";
			};
			name = Debug;
		};
		5852DC85206B6B6100613589 /* Release */ = {
			isa = XCBuildConfiguration;
			buildSettings = {
				CODE_SIGN_IDENTITY = "-";
				CODE_SIGN_STYLE = Automatic;
				PRODUCT_NAME = "$(TARGET_NAME)";
			};
			name = Release;
		};
		5852DC8F206B6B6E00613589 /* Debug */ = {
			isa = XCBuildConfiguration;
			buildSettings = {
				CODE_SIGN_IDENTITY = "-";
				CODE_SIGN_STYLE = Automatic;
				PRODUCT_NAME = "$(TARGET_NAME)";
			};
			name = Debug;
		};
		5852DC90206B6B6E00613589 /* Release */ = {
			isa = XCBuildConfiguration;
			buildSettings = {
				CODE_SIGN_IDENTITY = "-";
				CODE_SIGN_STYLE = Automatic;
				PRODUCT_NAME = "$(TARGET_NAME)";
			};
			name = Release;
		};
		587AE73E2066ACAF00926994 /* Debug */ = {
			isa = XCBuildConfiguration;
			buildSettings = {
				ALWAYS_SEARCH_USER_PATHS = NO;
				CLANG_ANALYZER_NONNULL = YES;
				CLANG_ANALYZER_NUMBER_OBJECT_CONVERSION = YES_AGGRESSIVE;
				CLANG_CXX_LANGUAGE_STANDARD = "gnu++14";
				CLANG_CXX_LIBRARY = "libc++";
				CLANG_ENABLE_MODULES = YES;
				CLANG_ENABLE_OBJC_ARC = YES;
				CLANG_WARN_BLOCK_CAPTURE_AUTORELEASING = YES;
				CLANG_WARN_BOOL_CONVERSION = YES;
				CLANG_WARN_COMMA = YES;
				CLANG_WARN_CONSTANT_CONVERSION = YES;
				CLANG_WARN_DIRECT_OBJC_ISA_USAGE = YES_ERROR;
				CLANG_WARN_DOCUMENTATION_COMMENTS = YES;
				CLANG_WARN_EMPTY_BODY = YES;
				CLANG_WARN_ENUM_CONVERSION = YES;
				CLANG_WARN_INFINITE_RECURSION = YES;
				CLANG_WARN_INT_CONVERSION = YES;
				CLANG_WARN_NON_LITERAL_NULL_CONVERSION = YES;
				CLANG_WARN_OBJC_LITERAL_CONVERSION = YES;
				CLANG_WARN_OBJC_ROOT_CLASS = YES_ERROR;
				CLANG_WARN_RANGE_LOOP_ANALYSIS = YES;
				CLANG_WARN_STRICT_PROTOTYPES = YES;
				CLANG_WARN_SUSPICIOUS_MOVE = YES;
				CLANG_WARN_UNGUARDED_AVAILABILITY = YES_AGGRESSIVE;
				CLANG_WARN_UNREACHABLE_CODE = YES;
				CLANG_WARN__DUPLICATE_METHOD_MATCH = YES;
				CODE_SIGN_IDENTITY = "Mac Developer";
				COPY_PHASE_STRIP = NO;
				DEBUG_INFORMATION_FORMAT = dwarf;
				ENABLE_STRICT_OBJC_MSGSEND = YES;
				ENABLE_TESTABILITY = YES;
				GCC_C_LANGUAGE_STANDARD = gnu11;
				GCC_DYNAMIC_NO_PIC = NO;
				GCC_NO_COMMON_BLOCKS = YES;
				GCC_OPTIMIZATION_LEVEL = 0;
				GCC_PREPROCESSOR_DEFINITIONS = (
					"DEBUG=1",
					"$(inherited)",
				);
				GCC_WARN_64_TO_32_BIT_CONVERSION = YES;
				GCC_WARN_ABOUT_RETURN_TYPE = YES_ERROR;
				GCC_WARN_UNDECLARED_SELECTOR = YES;
				GCC_WARN_UNINITIALIZED_AUTOS = YES_AGGRESSIVE;
				GCC_WARN_UNUSED_FUNCTION = YES;
				GCC_WARN_UNUSED_VARIABLE = YES;
				MACOSX_DEPLOYMENT_TARGET = 10.12;
				MTL_ENABLE_DEBUG_INFO = YES;
				ONLY_ACTIVE_ARCH = YES;
				SDKROOT = macosx;
			};
			name = Debug;
		};
		587AE73F2066ACAF00926994 /* Release */ = {
			isa = XCBuildConfiguration;
			buildSettings = {
				ALWAYS_SEARCH_USER_PATHS = NO;
				CLANG_ANALYZER_NONNULL = YES;
				CLANG_ANALYZER_NUMBER_OBJECT_CONVERSION = YES_AGGRESSIVE;
				CLANG_CXX_LANGUAGE_STANDARD = "gnu++14";
				CLANG_CXX_LIBRARY = "libc++";
				CLANG_ENABLE_MODULES = YES;
				CLANG_ENABLE_OBJC_ARC = YES;
				CLANG_WARN_BLOCK_CAPTURE_AUTORELEASING = YES;
				CLANG_WARN_BOOL_CONVERSION = YES;
				CLANG_WARN_COMMA = YES;
				CLANG_WARN_CONSTANT_CONVERSION = YES;
				CLANG_WARN_DIRECT_OBJC_ISA_USAGE = YES_ERROR;
				CLANG_WARN_DOCUMENTATION_COMMENTS = YES;
				CLANG_WARN_EMPTY_BODY = YES;
				CLANG_WARN_ENUM_CONVERSION = YES;
				CLANG_WARN_INFINITE_RECURSION = YES;
				CLANG_WARN_INT_CONVERSION = YES;
				CLANG_WARN_NON_LITERAL_NULL_CONVERSION = YES;
				CLANG_WARN_OBJC_LITERAL_CONVERSION = YES;
				CLANG_WARN_OBJC_ROOT_CLASS = YES_ERROR;
				CLANG_WARN_RANGE_LOOP_ANALYSIS = YES;
				CLANG_WARN_STRICT_PROTOTYPES = YES;
				CLANG_WARN_SUSPICIOUS_MOVE = YES;
				CLANG_WARN_UNGUARDED_AVAILABILITY = YES_AGGRESSIVE;
				CLANG_WARN_UNREACHABLE_CODE = YES;
				CLANG_WARN__DUPLICATE_METHOD_MATCH = YES;
				CODE_SIGN_IDENTITY = "Mac Developer";
				COPY_PHASE_STRIP = NO;
				DEBUG_INFORMATION_FORMAT = "dwarf-with-dsym";
				ENABLE_NS_ASSERTIONS = NO;
				ENABLE_STRICT_OBJC_MSGSEND = YES;
				GCC_C_LANGUAGE_STANDARD = gnu11;
				GCC_NO_COMMON_BLOCKS = YES;
				GCC_WARN_64_TO_32_BIT_CONVERSION = YES;
				GCC_WARN_ABOUT_RETURN_TYPE = YES_ERROR;
				GCC_WARN_UNDECLARED_SELECTOR = YES;
				GCC_WARN_UNINITIALIZED_AUTOS = YES_AGGRESSIVE;
				GCC_WARN_UNUSED_FUNCTION = YES;
				GCC_WARN_UNUSED_VARIABLE = YES;
				MACOSX_DEPLOYMENT_TARGET = 10.12;
				MTL_ENABLE_DEBUG_INFO = NO;
				SDKROOT = macosx;
			};
			name = Release;
		};
		587AE74F2067DA5300926994 /* Debug */ = {
			isa = XCBuildConfiguration;
			buildSettings = {
				CODE_SIGN_STYLE = Automatic;
				DEVELOPMENT_TEAM = L32PN8QKLZ;
				PRODUCT_NAME = "$(TARGET_NAME)";
			};
			name = Debug;
		};
		587AE7502067DA5300926994 /* Release */ = {
			isa = XCBuildConfiguration;
			buildSettings = {
				CODE_SIGN_STYLE = Automatic;
				DEVELOPMENT_TEAM = L32PN8QKLZ;
				PRODUCT_NAME = "$(TARGET_NAME)";
			};
			name = Release;
		};
		587AE75B2067DC0400926994 /* Debug */ = {
			isa = XCBuildConfiguration;
			buildSettings = {
				CODE_SIGN_STYLE = Automatic;
				DEVELOPMENT_TEAM = L32PN8QKLZ;
				PRODUCT_NAME = "$(TARGET_NAME)";
			};
			name = Debug;
		};
		587AE75C2067DC0400926994 /* Release */ = {
			isa = XCBuildConfiguration;
			buildSettings = {
				CODE_SIGN_STYLE = Automatic;
				DEVELOPMENT_TEAM = L32PN8QKLZ;
				PRODUCT_NAME = "$(TARGET_NAME)";
			};
			name = Release;
		};
		587AE76520693DC700926994 /* Debug */ = {
			isa = XCBuildConfiguration;
			buildSettings = {
				CODE_SIGN_STYLE = Automatic;
				DEVELOPMENT_TEAM = L32PN8QKLZ;
				PRODUCT_NAME = "$(TARGET_NAME)";
			};
			name = Debug;
		};
		587AE76620693DC700926994 /* Release */ = {
			isa = XCBuildConfiguration;
			buildSettings = {
				CODE_SIGN_STYLE = Automatic;
				DEVELOPMENT_TEAM = L32PN8QKLZ;
				PRODUCT_NAME = "$(TARGET_NAME)";
			};
			name = Release;
		};
/* End XCBuildConfiguration section */

/* Begin XCConfigurationList section */
		5852DC162068971500613589 /* Build configuration list for PBXNativeTarget "04_FindInPartiallySortedMatrix" */ = {
			isa = XCConfigurationList;
			buildConfigurations = (
				5852DC142068971500613589 /* Debug */,
				5852DC152068971500613589 /* Release */,
			);
			defaultConfigurationIsVisible = 0;
			defaultConfigurationName = Release;
		};
		5852DC1F2068974D00613589 /* Build configuration list for PBXNativeTarget "05_ReplaceSpaces" */ = {
			isa = XCConfigurationList;
			buildConfigurations = (
				5852DC202068974D00613589 /* Debug */,
				5852DC212068974D00613589 /* Release */,
			);
			defaultConfigurationIsVisible = 0;
			defaultConfigurationName = Release;
		};
		5852DC2A2068F6DE00613589 /* Build configuration list for PBXNativeTarget "06_PrintListInReversedOrder" */ = {
			isa = XCConfigurationList;
			buildConfigurations = (
				5852DC2B2068F6DE00613589 /* Debug */,
				5852DC2C2068F6DE00613589 /* Release */,
			);
			defaultConfigurationIsVisible = 0;
			defaultConfigurationName = Release;
		};
		5852DC3B206A3E9800613589 /* Build configuration list for PBXNativeTarget "08_NextNodeInBinaryTrees" */ = {
			isa = XCConfigurationList;
			buildConfigurations = (
				5852DC39206A3E9800613589 /* Debug */,
				5852DC3A206A3E9800613589 /* Release */,
			);
			defaultConfigurationIsVisible = 0;
			defaultConfigurationName = Release;
		};
		5852DC44206A3EAA00613589 /* Build configuration list for PBXNativeTarget "09_QueueWithTwoStacks" */ = {
			isa = XCConfigurationList;
			buildConfigurations = (
				5852DC45206A3EAA00613589 /* Debug */,
				5852DC46206A3EAA00613589 /* Release */,
			);
			defaultConfigurationIsVisible = 0;
			defaultConfigurationName = Release;
		};
		5852DC57206B6B1A00613589 /* Build configuration list for PBXNativeTarget "10_Fibonacci" */ = {
			isa = XCConfigurationList;
			buildConfigurations = (
				5852DC58206B6B1A00613589 /* Debug */,
				5852DC59206B6B1A00613589 /* Release */,
			);
			defaultConfigurationIsVisible = 0;
			defaultConfigurationName = Release;
		};
		5852DC62206B6B2F00613589 /* Build configuration list for PBXNativeTarget "11_MinNumberInRotatedArray" */ = {
			isa = XCConfigurationList;
			buildConfigurations = (
				5852DC63206B6B2F00613589 /* Debug */,
				5852DC64206B6B2F00613589 /* Release */,
			);
			defaultConfigurationIsVisible = 0;
			defaultConfigurationName = Release;
		};
		5852DC6D206B6B3E00613589 /* Build configuration list for PBXNativeTarget "12_StringPathInMatrix" */ = {
			isa = XCConfigurationList;
			buildConfigurations = (
				5852DC6E206B6B3E00613589 /* Debug */,
				5852DC6F206B6B3E00613589 /* Release */,
			);
			defaultConfigurationIsVisible = 0;
			defaultConfigurationName = Release;
		};
		5852DC78206B6B5200613589 /* Build configuration list for PBXNativeTarget "13_RobotMove" */ = {
			isa = XCConfigurationList;
			buildConfigurations = (
				5852DC79206B6B5200613589 /* Debug */,
				5852DC7A206B6B5200613589 /* Release */,
			);
			defaultConfigurationIsVisible = 0;
			defaultConfigurationName = Release;
		};
		5852DC83206B6B6100613589 /* Build configuration list for PBXNativeTarget "14_CuttingRope" */ = {
			isa = XCConfigurationList;
			buildConfigurations = (
				5852DC84206B6B6100613589 /* Debug */,
				5852DC85206B6B6100613589 /* Release */,
			);
			defaultConfigurationIsVisible = 0;
			defaultConfigurationName = Release;
		};
		5852DC8E206B6B6E00613589 /* Build configuration list for PBXNativeTarget "15_NumberOf1InBinary" */ = {
			isa = XCConfigurationList;
			buildConfigurations = (
				5852DC8F206B6B6E00613589 /* Debug */,
				5852DC90206B6B6E00613589 /* Release */,
			);
			defaultConfigurationIsVisible = 0;
			defaultConfigurationName = Release;
		};
		587AE7342066ACAF00926994 /* Build configuration list for PBXProject "CodingInterview" */ = {
			isa = XCConfigurationList;
			buildConfigurations = (
				587AE73E2066ACAF00926994 /* Debug */,
				587AE73F2066ACAF00926994 /* Release */,
			);
			defaultConfigurationIsVisible = 0;
			defaultConfigurationName = Release;
		};
		587AE74E2067DA5300926994 /* Build configuration list for PBXNativeTarget "03_01_DuplicationInArray" */ = {
			isa = XCConfigurationList;
			buildConfigurations = (
				587AE74F2067DA5300926994 /* Debug */,
				587AE7502067DA5300926994 /* Release */,
			);
			defaultConfigurationIsVisible = 0;
			defaultConfigurationName = Release;
		};
		587AE75A2067DC0400926994 /* Build configuration list for PBXNativeTarget "03_02_DuplicationInArrayWithoutModifyingArray" */ = {
			isa = XCConfigurationList;
			buildConfigurations = (
				587AE75B2067DC0400926994 /* Debug */,
				587AE75C2067DC0400926994 /* Release */,
			);
			defaultConfigurationIsVisible = 0;
			defaultConfigurationName = Release;
		};
		587AE76720693DC700926994 /* Build configuration list for PBXNativeTarget "07_ConstructBinaryTree" */ = {
			isa = XCConfigurationList;
			buildConfigurations = (
				587AE76520693DC700926994 /* Debug */,
				587AE76620693DC700926994 /* Release */,
			);
			defaultConfigurationIsVisible = 0;
			defaultConfigurationName = Release;
		};
/* End XCConfigurationList section */
	};
	rootObject = 587AE7312066ACAF00926994 /* Project object */;
}
